
Microsoft Visual Studio Solution File, Format Version 12.00
# Visual Studio Version 17
VisualStudioVersion = 17.8.34309.116
MinimumVisualStudioVersion = 10.0.40219.1
Project("{FAE04EC0-301F-11D3-BF4B-00C04F79EFBC}") = "TEST", "TEST.csproj", "{BF325A19-F4DD-4E05-9548-A57531BBA502}"
EndProject
Project("{FAE04EC0-301F-11D3-BF4B-00C04F79EFBC}") = "UnitTestProject1", "..\UnitTestProject1\UnitTestProject1.csproj", "{00FFA30C-6B1E-4A0A-8E97-DB8A25494D3A}"
EndProject
Global
	GlobalSection(SolutionConfigurationPlatforms) = preSolution
		Debug|Any CPU = Debug|Any CPU
		Release|Any CPU = Release|Any CPU
	EndGlobalSection
	GlobalSection(ProjectConfigurationPlatforms) = postSolution
		{BF325A19-F4DD-4E05-9548-A57531BBA502}.Debug|Any CPU.ActiveCfg = Debug|Any CPU
		{BF325A19-F4DD-4E05-9548-A57531BBA502}.Debug|Any CPU.Build.0 = Debug|Any CPU
		{BF325A19-F4DD-4E05-9548-A57531BBA502}.Release|Any CPU.ActiveCfg = Release|Any CPU
		{BF325A19-F4DD-4E05-9548-A57531BBA502}.Release|Any CPU.Build.0 = Release|Any CPU
		{00FFA30C-6B1E-4A0A-8E97-DB8A25494D3A}.Debug|Any CPU.ActiveCfg = Debug|Any CPU
		{00FFA30C-6B1E-4A0A-8E97-DB8A25494D3A}.Debug|Any CPU.Build.0 = Debug|Any CPU
		{00FFA30C-6B1E-4A0A-8E97-DB8A25494D3A}.Release|Any CPU.ActiveCfg = Release|Any CPU
		{00FFA30C-6B1E-4A0A-8E97-DB8A25494D3A}.Release|Any CPU.Build.0 = Release|Any CPU
	EndGlobalSection
	GlobalSection(SolutionProperties) = preSolution
		HideSolutionNode = FALSE
	EndGlobalSection
	GlobalSection(ExtensibilityGlobals) = postSolution
		SolutionGuid = {61E3FC67-EDDA-4961-B0B5-45F4CD1E0F6C}
	EndGlobalSection
EndGlobal
